:clock:
  :name: "hall clock"
  :description: "An old grandfather clock"
  :container_id: :hall
  :container_type: :room
  :modifiers:
    :smashable:
      :smash_description: "A smashed grandfather clock"
      :smash_message: "You smash the grandfather clock with your fist. Shattered glass showers the floor."
    :takeable:
    :droppable:
      