:clock:
  :name: "hall clock"
  :description: "An old grandfather clock"
  :container_id: :hall
  :container_type: :room
  :modifiers:
    :smash:
      :description: "A smashed grandfather clock"
      :message: "You smash the grandfather clock with your fist. Shattered glass showers the floor."
    :take: {}
    :drop: {}
      